
Microsoft Visual Studio Solution File, Format Version 12.00
# Visual Studio Version 16
VisualStudioVersion = 16.0.31025.194
MinimumVisualStudioVersion = 10.0.40219.1
Project("{FAE04EC0-301F-11D3-BF4B-00C04F79EFBC}") = "GuessTheNumber", "GuessTheNumber.csproj", "{D4D7219F-BB20-41F7-B44C-7D2D44B8BB51}"
EndProject
Global
	GlobalSection(SolutionConfigurationPlatforms) = preSolution
		Debug|Any CPU = Debug|Any CPU
		Release|Any CPU = Release|Any CPU
	EndGlobalSection
	GlobalSection(ProjectConfigurationPlatforms) = postSolution
		{D4D7219F-BB20-41F7-B44C-7D2D44B8BB51}.Debug|Any CPU.ActiveCfg = Debug|Any CPU
		{D4D7219F-BB20-41F7-B44C-7D2D44B8BB51}.Debug|Any CPU.Build.0 = Debug|Any CPU
		{D4D7219F-BB20-41F7-B44C-7D2D44B8BB51}.Release|Any CPU.ActiveCfg = Release|Any CPU
		{D4D7219F-BB20-41F7-B44C-7D2D44B8BB51}.Release|Any CPU.Build.0 = Release|Any CPU
	EndGlobalSection
	GlobalSection(SolutionProperties) = preSolution
		HideSolutionNode = FALSE
	EndGlobalSection
	GlobalSection(ExtensibilityGlobals) = postSolution
		SolutionGuid = {F616D6D9-1706-4950-A5BA-A737F96DD345}
	EndGlobalSection
EndGlobal
